
Microsoft Visual Studio Solution File, Format Version 12.00
# Visual Studio Version 17
VisualStudioVersion = 17.5.002.0
MinimumVisualStudioVersion = 10.0.40219.1
Project("{2150E333-8FDC-42A3-9474-1A3956D46DE8}") = "csharp-prep", "csharp-prep", "{0EB58EB3-4C43-449B-9897-6EBC3A2962FB}"
EndProject
Project("{9A19103F-16F7-4668-BE54-9A1E7A4F7556}") = "Prep1", "csharp-prep\Prep1\Prep1.csproj", "{3262BC7B-B2DE-4C6C-A89C-BF54743AC1E4}"
EndProject
Project("{9A19103F-16F7-4668-BE54-9A1E7A4F7556}") = "Prep2", "csharp-prep\Prep2\Prep2.csproj", "{1189A546-F393-4292-8AE1-48AB21621905}"
EndProject
Project("{9A19103F-16F7-4668-BE54-9A1E7A4F7556}") = "Prep3", "csharp-prep\Prep3\Prep3.csproj", "{DE81E0A7-1C9E-44B5-B373-BF0699F820F2}"
EndProject
Project("{9A19103F-16F7-4668-BE54-9A1E7A4F7556}") = "Prep4", "csharp-prep\Prep4\Prep4.csproj", "{E72BC61E-3B1C-4A91-9E30-5605CCAC4556}"
EndProject
Project("{9A19103F-16F7-4668-BE54-9A1E7A4F7556}") = "Prep5", "csharp-prep\Prep5\Prep5.csproj", "{344FE8E5-7D5F-45D8-8030-2E84ED0C8C7E}"
EndProject
Project("{2150E333-8FDC-42A3-9474-1A3956D46DE8}") = "final", "final", "{405F2EAF-8488-48C9-8B64-975E90B373D7}"
EndProject
Project("{9A19103F-16F7-4668-BE54-9A1E7A4F7556}") = "FinalProject", "final\FinalProject\FinalProject.csproj", "{A35B63F1-0E07-4A1E-A74D-4B6702ACAB9B}"
EndProject
Project("{9A19103F-16F7-4668-BE54-9A1E7A4F7556}") = "Foundation1", "final\Foundation1\Foundation1.csproj", "{21AA11D6-532F-432F-96CA-DD9AE7C533C5}"
EndProject
Project("{9A19103F-16F7-4668-BE54-9A1E7A4F7556}") = "Foundation2", "final\Foundation2\Foundation2.csproj", "{45C1E440-F153-4F4C-B0A7-7714BD71B5C0}"
EndProject
Project("{9A19103F-16F7-4668-BE54-9A1E7A4F7556}") = "Foundation3", "final\Foundation3\Foundation3.csproj", "{32BFB1E8-18E2-46AA-9B22-2A431F60A291}"
EndProject
Project("{9A19103F-16F7-4668-BE54-9A1E7A4F7556}") = "Foundation4", "final\Foundation4\Foundation4.csproj", "{AEEBEECA-3AB2-4235-B8F7-19F0354F8E93}"
EndProject
Project("{2150E333-8FDC-42A3-9474-1A3956D46DE8}") = "prepare", "prepare", "{983EA983-3E7B-4A82-BA1F-D32DCE2F831E}"
EndProject
Project("{9A19103F-16F7-4668-BE54-9A1E7A4F7556}") = "Learning02", "prepare\Learning02\Learning02.csproj", "{3C04A571-EBDE-402A-AB4B-7F7B4E638594}"
EndProject
Project("{9A19103F-16F7-4668-BE54-9A1E7A4F7556}") = "Learning03", "prepare\Learning03\Learning03.csproj", "{230493B2-B0F7-4DC7-9A6A-E1D8F47D954C}"
EndProject
Project("{9A19103F-16F7-4668-BE54-9A1E7A4F7556}") = "Learning04", "prepare\Learning04\Learning04.csproj", "{A8E9646F-105B-4755-8D05-C145E4295DE8}"
EndProject
Project("{9A19103F-16F7-4668-BE54-9A1E7A4F7556}") = "Learning05", "prepare\Learning05\Learning05.csproj", "{A28B1E09-40B4-44C6-8974-BAC896B80F5C}"
EndProject
Project("{2150E333-8FDC-42A3-9474-1A3956D46DE8}") = "prove", "prove", "{88EA3C82-C533-48A1-8441-4BFAAC201D4B}"
EndProject
Project("{9A19103F-16F7-4668-BE54-9A1E7A4F7556}") = "Develop02", "prove\Develop02\Develop02.csproj", "{179382EB-080D-44CC-8EC5-B93A836ABE5B}"
EndProject
Project("{9A19103F-16F7-4668-BE54-9A1E7A4F7556}") = "Develop03", "prove\Develop03\Develop03.csproj", "{6954B894-D08F-4FF0-898B-1E5B29B6A68F}"
EndProject
Project("{9A19103F-16F7-4668-BE54-9A1E7A4F7556}") = "Develop04", "prove\Develop04\Develop04.csproj", "{E2BC092B-DCA5-4D73-A47D-A1E71D267CDF}"
EndProject
Project("{9A19103F-16F7-4668-BE54-9A1E7A4F7556}") = "Develop05", "prove\Develop05\Develop05.csproj", "{C2319D65-49F2-4DAD-BDD6-012D09A0720C}"
EndProject
Project("{2150E333-8FDC-42A3-9474-1A3956D46DE8}") = "sandbox", "sandbox", "{A3814344-9E4E-4B5D-BF51-C93FC5869148}"
EndProject
Project("{9A19103F-16F7-4668-BE54-9A1E7A4F7556}") = "Sandbox", "sandbox\Sandbox\Sandbox.csproj", "{6DC8FA07-18F4-48B2-BB2F-31AB8A0FAAD8}"
EndProject
Global
	GlobalSection(SolutionConfigurationPlatforms) = preSolution
		Debug|Any CPU = Debug|Any CPU
		Release|Any CPU = Release|Any CPU
	EndGlobalSection
	GlobalSection(ProjectConfigurationPlatforms) = postSolution
		{3262BC7B-B2DE-4C6C-A89C-BF54743AC1E4}.Debug|Any CPU.ActiveCfg = Debug|Any CPU
		{3262BC7B-B2DE-4C6C-A89C-BF54743AC1E4}.Debug|Any CPU.Build.0 = Debug|Any CPU
		{3262BC7B-B2DE-4C6C-A89C-BF54743AC1E4}.Release|Any CPU.ActiveCfg = Release|Any CPU
		{3262BC7B-B2DE-4C6C-A89C-BF54743AC1E4}.Release|Any CPU.Build.0 = Release|Any CPU
		{1189A546-F393-4292-8AE1-48AB21621905}.Debug|Any CPU.ActiveCfg = Debug|Any CPU
		{1189A546-F393-4292-8AE1-48AB21621905}.Debug|Any CPU.Build.0 = Debug|Any CPU
		{1189A546-F393-4292-8AE1-48AB21621905}.Release|Any CPU.ActiveCfg = Release|Any CPU
		{1189A546-F393-4292-8AE1-48AB21621905}.Release|Any CPU.Build.0 = Release|Any CPU
		{DE81E0A7-1C9E-44B5-B373-BF0699F820F2}.Debug|Any CPU.ActiveCfg = Debug|Any CPU
		{DE81E0A7-1C9E-44B5-B373-BF0699F820F2}.Debug|Any CPU.Build.0 = Debug|Any CPU
		{DE81E0A7-1C9E-44B5-B373-BF0699F820F2}.Release|Any CPU.ActiveCfg = Release|Any CPU
		{DE81E0A7-1C9E-44B5-B373-BF0699F820F2}.Release|Any CPU.Build.0 = Release|Any CPU
		{E72BC61E-3B1C-4A91-9E30-5605CCAC4556}.Debug|Any CPU.ActiveCfg = Debug|Any CPU
		{E72BC61E-3B1C-4A91-9E30-5605CCAC4556}.Debug|Any CPU.Build.0 = Debug|Any CPU
		{E72BC61E-3B1C-4A91-9E30-5605CCAC4556}.Release|Any CPU.ActiveCfg = Release|Any CPU
		{E72BC61E-3B1C-4A91-9E30-5605CCAC4556}.Release|Any CPU.Build.0 = Release|Any CPU
		{344FE8E5-7D5F-45D8-8030-2E84ED0C8C7E}.Debug|Any CPU.ActiveCfg = Debug|Any CPU
		{344FE8E5-7D5F-45D8-8030-2E84ED0C8C7E}.Debug|Any CPU.Build.0 = Debug|Any CPU
		{344FE8E5-7D5F-45D8-8030-2E84ED0C8C7E}.Release|Any CPU.ActiveCfg = Release|Any CPU
		{344FE8E5-7D5F-45D8-8030-2E84ED0C8C7E}.Release|Any CPU.Build.0 = Release|Any CPU
		{A35B63F1-0E07-4A1E-A74D-4B6702ACAB9B}.Debug|Any CPU.ActiveCfg = Debug|Any CPU
		{A35B63F1-0E07-4A1E-A74D-4B6702ACAB9B}.Debug|Any CPU.Build.0 = Debug|Any CPU
		{A35B63F1-0E07-4A1E-A74D-4B6702ACAB9B}.Release|Any CPU.ActiveCfg = Release|Any CPU
		{A35B63F1-0E07-4A1E-A74D-4B6702ACAB9B}.Release|Any CPU.Build.0 = Release|Any CPU
		{21AA11D6-532F-432F-96CA-DD9AE7C533C5}.Debug|Any CPU.ActiveCfg = Debug|Any CPU
		{21AA11D6-532F-432F-96CA-DD9AE7C533C5}.Debug|Any CPU.Build.0 = Debug|Any CPU
		{21AA11D6-532F-432F-96CA-DD9AE7C533C5}.Release|Any CPU.ActiveCfg = Release|Any CPU
		{21AA11D6-532F-432F-96CA-DD9AE7C533C5}.Release|Any CPU.Build.0 = Release|Any CPU
		{45C1E440-F153-4F4C-B0A7-7714BD71B5C0}.Debug|Any CPU.ActiveCfg = Debug|Any CPU
		{45C1E440-F153-4F4C-B0A7-7714BD71B5C0}.Debug|Any CPU.Build.0 = Debug|Any CPU
		{45C1E440-F153-4F4C-B0A7-7714BD71B5C0}.Release|Any CPU.ActiveCfg = Release|Any CPU
		{45C1E440-F153-4F4C-B0A7-7714BD71B5C0}.Release|Any CPU.Build.0 = Release|Any CPU
		{32BFB1E8-18E2-46AA-9B22-2A431F60A291}.Debug|Any CPU.ActiveCfg = Debug|Any CPU
		{32BFB1E8-18E2-46AA-9B22-2A431F60A291}.Debug|Any CPU.Build.0 = Debug|Any CPU
		{32BFB1E8-18E2-46AA-9B22-2A431F60A291}.Release|Any CPU.ActiveCfg = Release|Any CPU
		{32BFB1E8-18E2-46AA-9B22-2A431F60A291}.Release|Any CPU.Build.0 = Release|Any CPU
		{AEEBEECA-3AB2-4235-B8F7-19F0354F8E93}.Debug|Any CPU.ActiveCfg = Debug|Any CPU
		{AEEBEECA-3AB2-4235-B8F7-19F0354F8E93}.Debug|Any CPU.Build.0 = Debug|Any CPU
		{AEEBEECA-3AB2-4235-B8F7-19F0354F8E93}.Release|Any CPU.ActiveCfg = Release|Any CPU
		{AEEBEECA-3AB2-4235-B8F7-19F0354F8E93}.Release|Any CPU.Build.0 = Release|Any CPU
		{3C04A571-EBDE-402A-AB4B-7F7B4E638594}.Debug|Any CPU.ActiveCfg = Debug|Any CPU
		{3C04A571-EBDE-402A-AB4B-7F7B4E638594}.Debug|Any CPU.Build.0 = Debug|Any CPU
		{3C04A571-EBDE-402A-AB4B-7F7B4E638594}.Release|Any CPU.ActiveCfg = Release|Any CPU
		{3C04A571-EBDE-402A-AB4B-7F7B4E638594}.Release|Any CPU.Build.0 = Release|Any CPU
		{230493B2-B0F7-4DC7-9A6A-E1D8F47D954C}.Debug|Any CPU.ActiveCfg = Debug|Any CPU
		{230493B2-B0F7-4DC7-9A6A-E1D8F47D954C}.Debug|Any CPU.Build.0 = Debug|Any CPU
		{230493B2-B0F7-4DC7-9A6A-E1D8F47D954C}.Release|Any CPU.ActiveCfg = Release|Any CPU
		{230493B2-B0F7-4DC7-9A6A-E1D8F47D954C}.Release|Any CPU.Build.0 = Release|Any CPU
		{A8E9646F-105B-4755-8D05-C145E4295DE8}.Debug|Any CPU.ActiveCfg = Debug|Any CPU
		{A8E9646F-105B-4755-8D05-C145E4295DE8}.Debug|Any CPU.Build.0 = Debug|Any CPU
		{A8E9646F-105B-4755-8D05-C145E4295DE8}.Release|Any CPU.ActiveCfg = Release|Any CPU
		{A8E9646F-105B-4755-8D05-C145E4295DE8}.Release|Any CPU.Build.0 = Release|Any CPU
		{A28B1E09-40B4-44C6-8974-BAC896B80F5C}.Debug|Any CPU.ActiveCfg = Debug|Any CPU
		{A28B1E09-40B4-44C6-8974-BAC896B80F5C}.Debug|Any CPU.Build.0 = Debug|Any CPU
		{A28B1E09-40B4-44C6-8974-BAC896B80F5C}.Release|Any CPU.ActiveCfg = Release|Any CPU
		{A28B1E09-40B4-44C6-8974-BAC896B80F5C}.Release|Any CPU.Build.0 = Release|Any CPU
		{179382EB-080D-44CC-8EC5-B93A836ABE5B}.Debug|Any CPU.ActiveCfg = Debug|Any CPU
		{179382EB-080D-44CC-8EC5-B93A836ABE5B}.Debug|Any CPU.Build.0 = Debug|Any CPU
		{179382EB-080D-44CC-8EC5-B93A836ABE5B}.Release|Any CPU.ActiveCfg = Release|Any CPU
		{179382EB-080D-44CC-8EC5-B93A836ABE5B}.Release|Any CPU.Build.0 = Release|Any CPU
		{6954B894-D08F-4FF0-898B-1E5B29B6A68F}.Debug|Any CPU.ActiveCfg = Debug|Any CPU
		{6954B894-D08F-4FF0-898B-1E5B29B6A68F}.Debug|Any CPU.Build.0 = Debug|Any CPU
		{6954B894-D08F-4FF0-898B-1E5B29B6A68F}.Release|Any CPU.ActiveCfg = Release|Any CPU
		{6954B894-D08F-4FF0-898B-1E5B29B6A68F}.Release|Any CPU.Build.0 = Release|Any CPU
		{E2BC092B-DCA5-4D73-A47D-A1E71D267CDF}.Debug|Any CPU.ActiveCfg = Debug|Any CPU
		{E2BC092B-DCA5-4D73-A47D-A1E71D267CDF}.Debug|Any CPU.Build.0 = Debug|Any CPU
		{E2BC092B-DCA5-4D73-A47D-A1E71D267CDF}.Release|Any CPU.ActiveCfg = Release|Any CPU
		{E2BC092B-DCA5-4D73-A47D-A1E71D267CDF}.Release|Any CPU.Build.0 = Release|Any CPU
		{C2319D65-49F2-4DAD-BDD6-012D09A0720C}.Debug|Any CPU.ActiveCfg = Debug|Any CPU
		{C2319D65-49F2-4DAD-BDD6-012D09A0720C}.Debug|Any CPU.Build.0 = Debug|Any CPU
		{C2319D65-49F2-4DAD-BDD6-012D09A0720C}.Release|Any CPU.ActiveCfg = Release|Any CPU
		{C2319D65-49F2-4DAD-BDD6-012D09A0720C}.Release|Any CPU.Build.0 = Release|Any CPU
		{6DC8FA07-18F4-48B2-BB2F-31AB8A0FAAD8}.Debug|Any CPU.ActiveCfg = Debug|Any CPU
		{6DC8FA07-18F4-48B2-BB2F-31AB8A0FAAD8}.Debug|Any CPU.Build.0 = Debug|Any CPU
		{6DC8FA07-18F4-48B2-BB2F-31AB8A0FAAD8}.Release|Any CPU.ActiveCfg = Release|Any CPU
		{6DC8FA07-18F4-48B2-BB2F-31AB8A0FAAD8}.Release|Any CPU.Build.0 = Release|Any CPU
	EndGlobalSection
	GlobalSection(SolutionProperties) = preSolution
		HideSolutionNode = FALSE
	EndGlobalSection
	GlobalSection(NestedProjects) = preSolution
		{3262BC7B-B2DE-4C6C-A89C-BF54743AC1E4} = {0EB58EB3-4C43-449B-9897-6EBC3A2962FB}
		{1189A546-F393-4292-8AE1-48AB21621905} = {0EB58EB3-4C43-449B-9897-6EBC3A2962FB}
		{DE81E0A7-1C9E-44B5-B373-BF0699F820F2} = {0EB58EB3-4C43-449B-9897-6EBC3A2962FB}
		{E72BC61E-3B1C-4A91-9E30-5605CCAC4556} = {0EB58EB3-4C43-449B-9897-6EBC3A2962FB}
		{344FE8E5-7D5F-45D8-8030-2E84ED0C8C7E} = {0EB58EB3-4C43-449B-9897-6EBC3A2962FB}
		{A35B63F1-0E07-4A1E-A74D-4B6702ACAB9B} = {405F2EAF-8488-48C9-8B64-975E90B373D7}
		{21AA11D6-532F-432F-96CA-DD9AE7C533C5} = {405F2EAF-8488-48C9-8B64-975E90B373D7}
		{45C1E440-F153-4F4C-B0A7-7714BD71B5C0} = {405F2EAF-8488-48C9-8B64-975E90B373D7}
		{32BFB1E8-18E2-46AA-9B22-2A431F60A291} = {405F2EAF-8488-48C9-8B64-975E90B373D7}
		{AEEBEECA-3AB2-4235-B8F7-19F0354F8E93} = {405F2EAF-8488-48C9-8B64-975E90B373D7}
		{3C04A571-EBDE-402A-AB4B-7F7B4E638594} = {983EA983-3E7B-4A82-BA1F-D32DCE2F831E}
		{230493B2-B0F7-4DC7-9A6A-E1D8F47D954C} = {983EA983-3E7B-4A82-BA1F-D32DCE2F831E}
		{A8E9646F-105B-4755-8D05-C145E4295DE8} = {983EA983-3E7B-4A82-BA1F-D32DCE2F831E}
		{A28B1E09-40B4-44C6-8974-BAC896B80F5C} = {983EA983-3E7B-4A82-BA1F-D32DCE2F831E}
		{179382EB-080D-44CC-8EC5-B93A836ABE5B} = {88EA3C82-C533-48A1-8441-4BFAAC201D4B}
		{6954B894-D08F-4FF0-898B-1E5B29B6A68F} = {88EA3C82-C533-48A1-8441-4BFAAC201D4B}
		{E2BC092B-DCA5-4D73-A47D-A1E71D267CDF} = {88EA3C82-C533-48A1-8441-4BFAAC201D4B}
		{C2319D65-49F2-4DAD-BDD6-012D09A0720C} = {88EA3C82-C533-48A1-8441-4BFAAC201D4B}
		{6DC8FA07-18F4-48B2-BB2F-31AB8A0FAAD8} = {A3814344-9E4E-4B5D-BF51-C93FC5869148}
	EndGlobalSection
	GlobalSection(ExtensibilityGlobals) = postSolution
		SolutionGuid = {E1E842E0-04C7-4A6F-91C4-1746D73106B7}
	EndGlobalSection
EndGlobal
